
Microsoft Visual Studio Solution File, Format Version 12.00
# Visual Studio Version 17
VisualStudioVersion = 17.11.35327.3
MinimumVisualStudioVersion = 10.0.40219.1
Project("{F2A71F9B-5D33-465A-A702-920D77279786}") = "FrameViewerCore", "FrameViewerCore\FrameViewerCore.fsproj", "{AE188C08-1989-45F8-91F9-A94A1B4BB760}"
EndProject
Project("{F2A71F9B-5D33-465A-A702-920D77279786}") = "FrameViewerUI", "FrameViewerUI\FrameViewerUI.fsproj", "{4A1F0AD1-79BB-466E-A609-637283A367F7}"
EndProject
Global
	GlobalSection(SolutionConfigurationPlatforms) = preSolution
		Debug|Any CPU = Debug|Any CPU
		Release|Any CPU = Release|Any CPU
	EndGlobalSection
	GlobalSection(ProjectConfigurationPlatforms) = postSolution
		{AE188C08-1989-45F8-91F9-A94A1B4BB760}.Debug|Any CPU.ActiveCfg = Debug|Any CPU
		{AE188C08-1989-45F8-91F9-A94A1B4BB760}.Debug|Any CPU.Build.0 = Debug|Any CPU
		{AE188C08-1989-45F8-91F9-A94A1B4BB760}.Release|Any CPU.ActiveCfg = Release|Any CPU
		{AE188C08-1989-45F8-91F9-A94A1B4BB760}.Release|Any CPU.Build.0 = Release|Any CPU
		{4A1F0AD1-79BB-466E-A609-637283A367F7}.Debug|Any CPU.ActiveCfg = Debug|Any CPU
		{4A1F0AD1-79BB-466E-A609-637283A367F7}.Debug|Any CPU.Build.0 = Debug|Any CPU
		{4A1F0AD1-79BB-466E-A609-637283A367F7}.Release|Any CPU.ActiveCfg = Release|Any CPU
		{4A1F0AD1-79BB-466E-A609-637283A367F7}.Release|Any CPU.Build.0 = Release|Any CPU
	EndGlobalSection
	GlobalSection(SolutionProperties) = preSolution
		HideSolutionNode = FALSE
	EndGlobalSection
	GlobalSection(ExtensibilityGlobals) = postSolution
		SolutionGuid = {E80094B8-B721-4DED-832E-1D4E851FB3BE}
	EndGlobalSection
EndGlobal
